schema: '2.0'
stages:
  load_data:
    cmd: python src/load_data.py --config=params.yaml
    deps:
    - path: data_given/winequality.csv
      md5: ccc8d3507eb151f53f760d36abdef888
      size: 91998
    - path: src/get_data.py
      md5: 44d1a4d5d6549ba146e1d6ddec38f245
      size: 687
    - path: src/load_data.py
      md5: 2b35fc9cbc9917e33a73dacfc6eb6a6f
      size: 654
    outs:
    - path: data/raw/winequality.csv
      md5: d98e8f2eca228c11c4de1cc96866a54d
      size: 91998
      isexec: true
